metadata:
  version: "1.0"
artifacts:
  - download_url: https://indy.corp.redhat.com/api/content/maven/hosted/pnc-builds/org/kie/trustyai/explainability-service/999.0.0.managedsvc-redhat-01295/explainability-service-999.0.0.managedsvc-redhat-01295.zip
    checksum: sha256:7396ccf420b6eb9852bf4f19f04878b0dd4a28ef3d6a6f99e60fc2a5cddbd9e4
