metadata:
  version: "1.0"
artifacts:
  - download_url: https://indy.corp.redhat.com/api/content/maven/hosted/pnc-builds/org/kie/trustyai/explainability-service/999.0.0.managedsvc-redhat-01257/explainability-service-999.0.0.managedsvc-redhat-01257.zip
    checksum: sha256:a2b98cae0d2ab892031993164637d6c0f03f7476624927a62bdd3ebc21957635
