arches:
- arch: x86_64
  module_metadata: []
  packages:
  - checksum: sha256:009698f3b4432b9df219fd2f894234aad1cee8c4e4e61384b4e293ef8e28e9c2
    evr: 6.0-58.el9_5
    name: unzip
    repoid: ubi-9-baseos-rpms
    size: 190785
    sourcerpm: unzip-6.0-58.el9_5.src.rpm
    url: https://cdn-ubi.redhat.com/content/public/ubi/dist/ubi9/9/x86_64/baseos/os/Packages/u/unzip-6.0-58.el9_5.x86_64.rpm
  source: []
lockfileVendor: redhat
lockfileVersion: 1
